<?xml version="1.0" encoding="utf-8"?>
<Project ToolsVersion="4.0" xmlns="http://schemas.microsoft.com/developer/msbuild/2003">
  <ItemGroup>
    <Filter Include="Project Files">
      <UniqueIdentifier>{4FC737F1-C7A5-4376-A066-2A32D752A2FF}</UniqueIdentifier>
      <Extensions>cpp;c;cc;cxx;c++;cppm;ixx;def;odl;idl;hpj;bat;asm;asmx</Extensions>
    </Filter>
    <Filter Include="Project Files\Hooks">
      <UniqueIdentifier>{5ba6edc8-3cdd-46a2-a197-f4119c7656bb}</UniqueIdentifier>
    </Filter>
    <Filter Include="Project Files\3rdParty">
      <UniqueIdentifier>{54f8cef4-76b1-4cba-98c2-1df02cad96b8}</UniqueIdentifier>
    </Filter>
    <Filter Include="Project Files\3rdParty\ImGui">
      <UniqueIdentifier>{052d96dc-2846-4442-8e6b-bde213dff7b6}</UniqueIdentifier>
    </Filter>
  </ItemGroup>
  <ItemGroup>
    <ClCompile Include="dllmain.cc">
      <Filter>Project Files</Filter>
    </ClCompile>
    <ClCompile Include="3rdParty\ImGui\imgui.cpp">
      <Filter>Project Files\3rdParty\ImGui</Filter>
    </ClCompile>
    <ClCompile Include="3rdParty\ImGui\imgui_draw.cpp">
      <Filter>Project Files\3rdParty\ImGui</Filter>
    </ClCompile>
    <ClCompile Include="3rdParty\ImGui\imgui_impl_dx11.cpp">
      <Filter>Project Files\3rdParty\ImGui</Filter>
    </ClCompile>
    <ClCompile Include="3rdParty\ImGui\imgui_impl_win32.cpp">
      <Filter>Project Files\3rdParty\ImGui</Filter>
    </ClCompile>
    <ClCompile Include="3rdParty\ImGui\imgui_tables.cpp">
      <Filter>Project Files\3rdParty\ImGui</Filter>
    </ClCompile>
    <ClCompile Include="3rdParty\ImGui\imgui_widgets.cpp">
      <Filter>Project Files\3rdParty\ImGui</Filter>
    </ClCompile>
  </ItemGroup>
  <ItemGroup>
    <ClInclude Include="Hooks.hh">
      <Filter>Project Files</Filter>
    </ClInclude>
    <ClInclude Include="Renderer.hh">
      <Filter>Project Files</Filter>
    </ClInclude>
    <ClInclude Include="Hooks\PerformFlip.hh">
      <Filter>Project Files\Hooks</Filter>
    </ClInclude>
    <ClInclude Include="Hooks\WndProc.hh">
      <Filter>Project Files\Hooks</Filter>
    </ClInclude>
    <ClInclude Include="3rdParty\ImGui\imconfig.h">
      <Filter>Project Files\3rdParty\ImGui</Filter>
    </ClInclude>
    <ClInclude Include="3rdParty\ImGui\imgui.h">
      <Filter>Project Files\3rdParty\ImGui</Filter>
    </ClInclude>
    <ClInclude Include="3rdParty\ImGui\imgui_impl_dx11.h">
      <Filter>Project Files\3rdParty\ImGui</Filter>
    </ClInclude>
    <ClInclude Include="3rdParty\ImGui\imgui_impl_win32.h">
      <Filter>Project Files\3rdParty\ImGui</Filter>
    </ClInclude>
    <ClInclude Include="3rdParty\ImGui\imgui_internal.h">
      <Filter>Project Files\3rdParty\ImGui</Filter>
    </ClInclude>
    <ClInclude Include="3rdParty\ImGui\imstb_rectpack.h">
      <Filter>Project Files\3rdParty\ImGui</Filter>
    </ClInclude>
    <ClInclude Include="3rdParty\ImGui\imstb_textedit.h">
      <Filter>Project Files\3rdParty\ImGui</Filter>
    </ClInclude>
    <ClInclude Include="3rdParty\ImGui\imstb_truetype.h">
      <Filter>Project Files\3rdParty\ImGui</Filter>
    </ClInclude>
    <ClInclude Include="Hooks\GameStateInGame.hh">
      <Filter>Project Files\Hooks</Filter>
    </ClInclude>
  </ItemGroup>
</Project>